<?xml version="1.0" encoding="utf-8"?>
<Project ToolsVersion="4.0" xmlns="http://schemas.microsoft.com/developer/msbuild/2003">
  <ItemGroup>
    <Filter Include="ソース ファイル">
      <UniqueIdentifier>{4FC737F1-C7A5-4376-A066-2A32D752A2FF}</UniqueIdentifier>
      <Extensions>cpp;c;cc;cxx;def;odl;idl;hpj;bat;asm;asmx</Extensions>
    </Filter>
    <Filter Include="ヘッダー ファイル">
      <UniqueIdentifier>{93995380-89BD-4b04-88EB-625FBE52EBFB}</UniqueIdentifier>
      <Extensions>h;hh;hpp;hxx;hm;inl;inc;ipp;xsd</Extensions>
    </Filter>
    <Filter Include="リソース ファイル">
      <UniqueIdentifier>{67DA6AB6-F800-4c08-8B7A-83BB121AAD01}</UniqueIdentifier>
      <Extensions>rc;ico;cur;bmp;dlg;rc2;rct;bin;rgs;gif;jpg;jpeg;jpe;resx;tiff;tif;png;wav;mfcribbon-ms</Extensions>
    </Filter>
    <Filter Include="imgui">
      <UniqueIdentifier>{53d57c63-1882-4829-a846-08a247e3ea4b}</UniqueIdentifier>
    </Filter>
    <Filter Include="ソース ファイル\player">
      <UniqueIdentifier>{29b8397c-e123-46e6-9b9e-eb6f058b6e76}</UniqueIdentifier>
    </Filter>
    <Filter Include="ヘッダー ファイル\player">
      <UniqueIdentifier>{1afd2eae-3abb-474e-b2a0-f18516c6f13b}</UniqueIdentifier>
    </Filter>
    <Filter Include="ソース ファイル\Enemy">
      <UniqueIdentifier>{11d37f02-5fff-4b2f-9f9b-b275c2a9ea39}</UniqueIdentifier>
    </Filter>
    <Filter Include="ヘッダー ファイル\Enemy">
      <UniqueIdentifier>{69509ac5-3b4a-4ba9-b942-90114403179a}</UniqueIdentifier>
    </Filter>
    <Filter Include="ヘッダー ファイル\Math">
      <UniqueIdentifier>{2c921ccf-e0c6-4146-8206-fbfd60923479}</UniqueIdentifier>
    </Filter>
    <Filter Include="ソース ファイル\Math">
      <UniqueIdentifier>{8f74865f-088f-4f75-8ed7-5205610bf1d5}</UniqueIdentifier>
    </Filter>
  </ItemGroup>
  <ItemGroup>
    <ClCompile Include="Source\main.cpp">
      <Filter>ソース ファイル</Filter>
    </ClCompile>
    <ClCompile Include="ThirdParty\imgui\imgui_tables.cpp">
      <Filter>imgui</Filter>
    </ClCompile>
    <ClCompile Include="ThirdParty\imgui\imgui_widgets.cpp">
      <Filter>imgui</Filter>
    </ClCompile>
    <ClCompile Include="ThirdParty\imgui\imgui.cpp">
      <Filter>imgui</Filter>
    </ClCompile>
    <ClCompile Include="ThirdParty\imgui\imgui_demo.cpp">
      <Filter>imgui</Filter>
    </ClCompile>
    <ClCompile Include="ThirdParty\imgui\imgui_draw.cpp">
      <Filter>imgui</Filter>
    </ClCompile>
    <ClCompile Include="ThirdParty\imgui\imgui_impl_dx11.cpp">
      <Filter>imgui</Filter>
    </ClCompile>
    <ClCompile Include="ThirdParty\imgui\imgui_impl_win32.cpp">
      <Filter>imgui</Filter>
    </ClCompile>
    <ClCompile Include="GameCore\DxlibManager.cpp">
      <Filter>ソース ファイル</Filter>
    </ClCompile>
    <ClCompile Include="Source\Util\GameConfig.cpp">
      <Filter>ソース ファイル</Filter>
    </ClCompile>
    <ClCompile Include="GameCore\ImGuiManager.cpp">
      <Filter>ソース ファイル</Filter>
    </ClCompile>
    <ClCompile Include="GameCore\FrameWork.cpp">
      <Filter>ソース ファイル</Filter>
    </ClCompile>
    <ClCompile Include="Source\GameMain.cpp">
      <Filter>ソース ファイル</Filter>
    </ClCompile>
    <ClCompile Include="GameCore\BaseScene.cpp">
      <Filter>ソース ファイル</Filter>
    </ClCompile>
    <ClCompile Include="GameCore\SceneManager.cpp">
      <Filter>ソース ファイル</Filter>
    </ClCompile>
    <ClCompile Include="GameCore\AbstractSceneFactory.cpp">
      <Filter>ソース ファイル</Filter>
    </ClCompile>
    <ClCompile Include="Source\Scene\SceneFactrory.cpp">
      <Filter>ソース ファイル</Filter>
    </ClCompile>
    <ClCompile Include="Source\Scene\GameScene.cpp">
      <Filter>ソース ファイル</Filter>
    </ClCompile>
    <ClCompile Include="GameCore\FPS.cpp">
      <Filter>ソース ファイル</Filter>
    </ClCompile>
    <ClCompile Include="GameCore\Input.cpp">
      <Filter>ソース ファイル</Filter>
    </ClCompile>
    <ClCompile Include="Source\Util\Player\Player.cpp">
      <Filter>ソース ファイル\player</Filter>
    </ClCompile>
    <ClCompile Include="Source\Util\GameScene.cpp">
      <Filter>ソース ファイル</Filter>
    </ClCompile>
    <ClCompile Include="Source\Util\Player\PlayerAttackFist.cpp">
      <Filter>ソース ファイル\player</Filter>
    </ClCompile>
    <ClCompile Include="Source\Util\Math\Vector2.cpp">
      <Filter>ソース ファイル\Math</Filter>
    </ClCompile>
    <ClCompile Include="Source\Util\Math\Vector3.cpp">
      <Filter>ソース ファイル\Math</Filter>
    </ClCompile>
  </ItemGroup>
  <ItemGroup>
    <ClInclude Include="ThirdParty\imgui\imconfig.h">
      <Filter>imgui</Filter>
    </ClInclude>
    <ClInclude Include="ThirdParty\imgui\imgui.h">
      <Filter>imgui</Filter>
    </ClInclude>
    <ClInclude Include="ThirdParty\imgui\imgui_impl_dx11.h">
      <Filter>imgui</Filter>
    </ClInclude>
    <ClInclude Include="ThirdParty\imgui\imgui_impl_win32.h">
      <Filter>imgui</Filter>
    </ClInclude>
    <ClInclude Include="ThirdParty\imgui\imgui_internal.h">
      <Filter>imgui</Filter>
    </ClInclude>
    <ClInclude Include="GameCore\DxlibManager.h">
      <Filter>ヘッダー ファイル</Filter>
    </ClInclude>
    <ClInclude Include="Include\Util\GameConfig.h">
      <Filter>ヘッダー ファイル</Filter>
    </ClInclude>
    <ClInclude Include="Include\Util\Core.h">
      <Filter>ヘッダー ファイル</Filter>
    </ClInclude>
    <ClInclude Include="GameCore\ImGuiManager.h">
      <Filter>ヘッダー ファイル</Filter>
    </ClInclude>
    <ClInclude Include="GameCore\FrameWork.h">
      <Filter>ヘッダー ファイル</Filter>
    </ClInclude>
    <ClInclude Include="Include\GameMain.h">
      <Filter>ヘッダー ファイル</Filter>
    </ClInclude>
    <ClInclude Include="GameCore\BaseScene.h">
      <Filter>ヘッダー ファイル</Filter>
    </ClInclude>
    <ClInclude Include="GameCore\SceneManager.h">
      <Filter>ヘッダー ファイル</Filter>
    </ClInclude>
    <ClInclude Include="GameCore\AbstractSceneFactory.h">
      <Filter>ヘッダー ファイル</Filter>
    </ClInclude>
    <ClInclude Include="Include\Scene\SceneFactrory.h">
      <Filter>ヘッダー ファイル</Filter>
    </ClInclude>
    <ClInclude Include="Include\Scene\GameScene.h">
      <Filter>ヘッダー ファイル</Filter>
    </ClInclude>
    <ClInclude Include="GameCore\FPS.h">
      <Filter>ヘッダー ファイル</Filter>
    </ClInclude>
    <ClInclude Include="Include\Util\DxlibInclude.h">
      <Filter>ヘッダー ファイル</Filter>
    </ClInclude>
    <ClInclude Include="ThirdParty\json.hpp">
      <Filter>ヘッダー ファイル</Filter>
    </ClInclude>
    <ClInclude Include="GameCore\Input.h">
      <Filter>ヘッダー ファイル</Filter>
    </ClInclude>
    <ClInclude Include="Include\Util\Player\Player.h">
      <Filter>ヘッダー ファイル\player</Filter>
    </ClInclude>
    <ClInclude Include="Include\Util\Player\PlayerAttack.h">
      <Filter>ヘッダー ファイル\player</Filter>
    </ClInclude>
    <ClInclude Include="Include\Util\Player\PlayerAttackFist.h">
      <Filter>ヘッダー ファイル\player</Filter>
    </ClInclude>
    <ClInclude Include="Include\Util\Math\Vector2.h">
      <Filter>ヘッダー ファイル\Math</Filter>
    </ClInclude>
    <ClInclude Include="Include\Util\Math\Vector3.h">
      <Filter>ヘッダー ファイル\Math</Filter>
    </ClInclude>
  </ItemGroup>
</Project>